
Microsoft Visual Studio Solution File, Format Version 12.00
# Visual Studio Version 16
VisualStudioVersion = 16.0.31005.135
MinimumVisualStudioVersion = 10.0.40219.1
Project("{2150E333-8FDC-42A3-9474-1A3956D46DE8}") = "src", "src", "{916693AC-F378-4BEE-A8D6-8DD25AE5F535}"
EndProject
Project("{2150E333-8FDC-42A3-9474-1A3956D46DE8}") = "Ressources", "Ressources", "{9136ECF9-3C21-40A4-9208-0B2D800C1412}"
EndProject
Project("{2150E333-8FDC-42A3-9474-1A3956D46DE8}") = "Services", "Services", "{13090B23-8557-4377-988D-4DD8CC17F30C}"
EndProject
Project("{2150E333-8FDC-42A3-9474-1A3956D46DE8}") = "Site", "Site", "{C8C8A633-764A-4941-97C0-2C27C0835BA3}"
EndProject
Project("{2150E333-8FDC-42A3-9474-1A3956D46DE8}") = "Identite", "Identite", "{8F18274C-AF0A-4F9A-B1E9-91514204D0B6}"
EndProject
Project("{9A19103F-16F7-4668-BE54-9A1E7A4F7556}") = "ARF.Identity.API", "src\01-servives\ARF.Identite.API\ARF.Identity.API.csproj", "{8367D160-7A6F-4406-A799-5CB944329C6A}"
EndProject
Project("{9A19103F-16F7-4668-BE54-9A1E7A4F7556}") = "ARF.WebApp.Site", "src\03-site\ARF.WebApp.Site\ARF.WebApp.Site.csproj", "{E4C10135-DBBF-4BFE-AD61-BB45F0A6CD48}"
EndProject
Project("{2150E333-8FDC-42A3-9474-1A3956D46DE8}") = "Core", "Core", "{8D9A818B-463C-4A11-9FA3-A3D86ECD64FF}"
EndProject
Project("{9A19103F-16F7-4668-BE54-9A1E7A4F7556}") = "ARF.Core", "src\02-ressources\ARF.Core\ARF.Core.csproj", "{8A5E0B3A-08AB-4217-B8C9-08206697FDD6}"
EndProject
Project("{2150E333-8FDC-42A3-9474-1A3956D46DE8}") = "Client", "Client", "{D7BD2416-3556-4773-BEEF-3A2180E87942}"
EndProject
Project("{2150E333-8FDC-42A3-9474-1A3956D46DE8}") = "Painer", "Painer", "{52586CF6-D41A-4535-8E26-0260908F1F24}"
EndProject
Project("{2150E333-8FDC-42A3-9474-1A3956D46DE8}") = "Paiement", "Paiement", "{E4F3213F-47CE-4398-9E24-55B991C85C76}"
EndProject
Project("{2150E333-8FDC-42A3-9474-1A3956D46DE8}") = "Commande", "Commande", "{42BA7B8E-7E92-4C80-81E6-0A6D12686FD8}"
EndProject
Project("{2150E333-8FDC-42A3-9474-1A3956D46DE8}") = "Produit", "Produit", "{47335BCB-7999-45E5-B178-1A08A59E3B98}"
EndProject
Project("{9A19103F-16F7-4668-BE54-9A1E7A4F7556}") = "ARF.Panier.API", "src\01-servives\ARF.Panier.API\ARF.Panier.API.csproj", "{2BBD33D9-F64D-4263-8876-55FC2557CC1A}"
EndProject
Project("{9A19103F-16F7-4668-BE54-9A1E7A4F7556}") = "ARF.Client.API", "src\01-servives\ARF.Client.API\ARF.Client.API.csproj", "{E79DCC12-631E-4431-A1EA-4F9CA9BD6818}"
EndProject
Project("{9A19103F-16F7-4668-BE54-9A1E7A4F7556}") = "ARF.Commande.API", "src\01-servives\ARF.Commande.API\ARF.Commande.API.csproj", "{AC2A908E-3A62-4C85-B570-67444DF5ED39}"
EndProject
Project("{9A19103F-16F7-4668-BE54-9A1E7A4F7556}") = "ARF.Paiement.API", "src\01-servives\ARF.Paiement.API\ARF.Paiement.API.csproj", "{01B15C4E-AD24-4CCC-A966-1636B4996041}"
EndProject
Project("{9A19103F-16F7-4668-BE54-9A1E7A4F7556}") = "ARF.Produit.API", "src\01-servives\ARF.Produit.API\ARF.Produit.API.csproj", "{CCDCA135-3C83-490D-9558-10538C89A9F0}"
EndProject
Global
	GlobalSection(SolutionConfigurationPlatforms) = preSolution
		Debug|Any CPU = Debug|Any CPU
		Release|Any CPU = Release|Any CPU
	EndGlobalSection
	GlobalSection(ProjectConfigurationPlatforms) = postSolution
		{8367D160-7A6F-4406-A799-5CB944329C6A}.Debug|Any CPU.ActiveCfg = Debug|Any CPU
		{8367D160-7A6F-4406-A799-5CB944329C6A}.Debug|Any CPU.Build.0 = Debug|Any CPU
		{8367D160-7A6F-4406-A799-5CB944329C6A}.Release|Any CPU.ActiveCfg = Release|Any CPU
		{8367D160-7A6F-4406-A799-5CB944329C6A}.Release|Any CPU.Build.0 = Release|Any CPU
		{E4C10135-DBBF-4BFE-AD61-BB45F0A6CD48}.Debug|Any CPU.ActiveCfg = Debug|Any CPU
		{E4C10135-DBBF-4BFE-AD61-BB45F0A6CD48}.Debug|Any CPU.Build.0 = Debug|Any CPU
		{E4C10135-DBBF-4BFE-AD61-BB45F0A6CD48}.Release|Any CPU.ActiveCfg = Release|Any CPU
		{E4C10135-DBBF-4BFE-AD61-BB45F0A6CD48}.Release|Any CPU.Build.0 = Release|Any CPU
		{8A5E0B3A-08AB-4217-B8C9-08206697FDD6}.Debug|Any CPU.ActiveCfg = Debug|Any CPU
		{8A5E0B3A-08AB-4217-B8C9-08206697FDD6}.Debug|Any CPU.Build.0 = Debug|Any CPU
		{8A5E0B3A-08AB-4217-B8C9-08206697FDD6}.Release|Any CPU.ActiveCfg = Release|Any CPU
		{8A5E0B3A-08AB-4217-B8C9-08206697FDD6}.Release|Any CPU.Build.0 = Release|Any CPU
		{2BBD33D9-F64D-4263-8876-55FC2557CC1A}.Debug|Any CPU.ActiveCfg = Debug|Any CPU
		{2BBD33D9-F64D-4263-8876-55FC2557CC1A}.Debug|Any CPU.Build.0 = Debug|Any CPU
		{2BBD33D9-F64D-4263-8876-55FC2557CC1A}.Release|Any CPU.ActiveCfg = Release|Any CPU
		{2BBD33D9-F64D-4263-8876-55FC2557CC1A}.Release|Any CPU.Build.0 = Release|Any CPU
		{E79DCC12-631E-4431-A1EA-4F9CA9BD6818}.Debug|Any CPU.ActiveCfg = Debug|Any CPU
		{E79DCC12-631E-4431-A1EA-4F9CA9BD6818}.Debug|Any CPU.Build.0 = Debug|Any CPU
		{E79DCC12-631E-4431-A1EA-4F9CA9BD6818}.Release|Any CPU.ActiveCfg = Release|Any CPU
		{E79DCC12-631E-4431-A1EA-4F9CA9BD6818}.Release|Any CPU.Build.0 = Release|Any CPU
		{AC2A908E-3A62-4C85-B570-67444DF5ED39}.Debug|Any CPU.ActiveCfg = Debug|Any CPU
		{AC2A908E-3A62-4C85-B570-67444DF5ED39}.Debug|Any CPU.Build.0 = Debug|Any CPU
		{AC2A908E-3A62-4C85-B570-67444DF5ED39}.Release|Any CPU.ActiveCfg = Release|Any CPU
		{AC2A908E-3A62-4C85-B570-67444DF5ED39}.Release|Any CPU.Build.0 = Release|Any CPU
		{01B15C4E-AD24-4CCC-A966-1636B4996041}.Debug|Any CPU.ActiveCfg = Debug|Any CPU
		{01B15C4E-AD24-4CCC-A966-1636B4996041}.Debug|Any CPU.Build.0 = Debug|Any CPU
		{01B15C4E-AD24-4CCC-A966-1636B4996041}.Release|Any CPU.ActiveCfg = Release|Any CPU
		{01B15C4E-AD24-4CCC-A966-1636B4996041}.Release|Any CPU.Build.0 = Release|Any CPU
		{CCDCA135-3C83-490D-9558-10538C89A9F0}.Debug|Any CPU.ActiveCfg = Debug|Any CPU
		{CCDCA135-3C83-490D-9558-10538C89A9F0}.Debug|Any CPU.Build.0 = Debug|Any CPU
		{CCDCA135-3C83-490D-9558-10538C89A9F0}.Release|Any CPU.ActiveCfg = Release|Any CPU
		{CCDCA135-3C83-490D-9558-10538C89A9F0}.Release|Any CPU.Build.0 = Release|Any CPU
	EndGlobalSection
	GlobalSection(SolutionProperties) = preSolution
		HideSolutionNode = FALSE
	EndGlobalSection
	GlobalSection(NestedProjects) = preSolution
		{9136ECF9-3C21-40A4-9208-0B2D800C1412} = {916693AC-F378-4BEE-A8D6-8DD25AE5F535}
		{13090B23-8557-4377-988D-4DD8CC17F30C} = {916693AC-F378-4BEE-A8D6-8DD25AE5F535}
		{C8C8A633-764A-4941-97C0-2C27C0835BA3} = {916693AC-F378-4BEE-A8D6-8DD25AE5F535}
		{8F18274C-AF0A-4F9A-B1E9-91514204D0B6} = {13090B23-8557-4377-988D-4DD8CC17F30C}
		{8367D160-7A6F-4406-A799-5CB944329C6A} = {8F18274C-AF0A-4F9A-B1E9-91514204D0B6}
		{E4C10135-DBBF-4BFE-AD61-BB45F0A6CD48} = {C8C8A633-764A-4941-97C0-2C27C0835BA3}
		{8D9A818B-463C-4A11-9FA3-A3D86ECD64FF} = {9136ECF9-3C21-40A4-9208-0B2D800C1412}
		{8A5E0B3A-08AB-4217-B8C9-08206697FDD6} = {8D9A818B-463C-4A11-9FA3-A3D86ECD64FF}
		{D7BD2416-3556-4773-BEEF-3A2180E87942} = {13090B23-8557-4377-988D-4DD8CC17F30C}
		{52586CF6-D41A-4535-8E26-0260908F1F24} = {13090B23-8557-4377-988D-4DD8CC17F30C}
		{E4F3213F-47CE-4398-9E24-55B991C85C76} = {13090B23-8557-4377-988D-4DD8CC17F30C}
		{42BA7B8E-7E92-4C80-81E6-0A6D12686FD8} = {13090B23-8557-4377-988D-4DD8CC17F30C}
		{47335BCB-7999-45E5-B178-1A08A59E3B98} = {13090B23-8557-4377-988D-4DD8CC17F30C}
		{2BBD33D9-F64D-4263-8876-55FC2557CC1A} = {52586CF6-D41A-4535-8E26-0260908F1F24}
		{E79DCC12-631E-4431-A1EA-4F9CA9BD6818} = {D7BD2416-3556-4773-BEEF-3A2180E87942}
		{AC2A908E-3A62-4C85-B570-67444DF5ED39} = {42BA7B8E-7E92-4C80-81E6-0A6D12686FD8}
		{01B15C4E-AD24-4CCC-A966-1636B4996041} = {E4F3213F-47CE-4398-9E24-55B991C85C76}
		{CCDCA135-3C83-490D-9558-10538C89A9F0} = {47335BCB-7999-45E5-B178-1A08A59E3B98}
	EndGlobalSection
	GlobalSection(ExtensibilityGlobals) = postSolution
		SolutionGuid = {4292C6AA-3E81-471D-84BC-F1CCA6187615}
	EndGlobalSection
EndGlobal
